
Microsoft Visual Studio Solution File, Format Version 12.00
# Visual Studio 15
VisualStudioVersion = 15.0.27004.2006
MinimumVisualStudioVersion = 10.0.40219.1
Project("{FAE04EC0-301F-11D3-BF4B-00C04F79EFBC}") = "Persist", "Persist\Persist.csproj", "{403EFA73-8046-43C4-94DD-DACD2883F6B0}"
EndProject
Project("{FAE04EC0-301F-11D3-BF4B-00C04F79EFBC}") = "UnitTestProject1", "UnitTestProject1\UnitTestProject1.csproj", "{30F2801F-12C9-4907-BDB6-2248ABB09652}"
EndProject
Global
	GlobalSection(SolutionConfigurationPlatforms) = preSolution
		Debug|Any CPU = Debug|Any CPU
		Release|Any CPU = Release|Any CPU
	EndGlobalSection
	GlobalSection(ProjectConfigurationPlatforms) = postSolution
		{403EFA73-8046-43C4-94DD-DACD2883F6B0}.Debug|Any CPU.ActiveCfg = Debug|Any CPU
		{403EFA73-8046-43C4-94DD-DACD2883F6B0}.Debug|Any CPU.Build.0 = Debug|Any CPU
		{403EFA73-8046-43C4-94DD-DACD2883F6B0}.Release|Any CPU.ActiveCfg = Release|Any CPU
		{403EFA73-8046-43C4-94DD-DACD2883F6B0}.Release|Any CPU.Build.0 = Release|Any CPU
		{30F2801F-12C9-4907-BDB6-2248ABB09652}.Debug|Any CPU.ActiveCfg = Debug|Any CPU
		{30F2801F-12C9-4907-BDB6-2248ABB09652}.Debug|Any CPU.Build.0 = Debug|Any CPU
		{30F2801F-12C9-4907-BDB6-2248ABB09652}.Release|Any CPU.ActiveCfg = Release|Any CPU
		{30F2801F-12C9-4907-BDB6-2248ABB09652}.Release|Any CPU.Build.0 = Release|Any CPU
	EndGlobalSection
	GlobalSection(SolutionProperties) = preSolution
		HideSolutionNode = FALSE
	EndGlobalSection
	GlobalSection(ExtensibilityGlobals) = postSolution
		SolutionGuid = {7DEE5BDB-0DB2-4C2F-8BE3-2931EBFCF52F}
	EndGlobalSection
EndGlobal
